
Microsoft Visual Studio Solution File, Format Version 12.00
# Visual Studio Version 16
VisualStudioVersion = 16.0.29509.3
MinimumVisualStudioVersion = 10.0.40219.1
Project("{9A19103F-16F7-4668-BE54-9A1E7A4F7556}") = "HB.MarsRover", "HB.MarsRover\HB.MarsRover.csproj", "{23008DED-F979-4E91-A0FB-8C1FFB3FE88E}"
EndProject
Project("{FAE04EC0-301F-11D3-BF4B-00C04F79EFBC}") = "HB.MarsRover.Test", "HB.MarsRover.Test\HB.MarsRover.Test.csproj", "{ABCA4235-66FA-4C73-B3DF-6E9A03A9E20A}"
EndProject
Global
	GlobalSection(SolutionConfigurationPlatforms) = preSolution
		Debug|Any CPU = Debug|Any CPU
		Release|Any CPU = Release|Any CPU
	EndGlobalSection
	GlobalSection(ProjectConfigurationPlatforms) = postSolution
		{23008DED-F979-4E91-A0FB-8C1FFB3FE88E}.Debug|Any CPU.ActiveCfg = Debug|Any CPU
		{23008DED-F979-4E91-A0FB-8C1FFB3FE88E}.Debug|Any CPU.Build.0 = Debug|Any CPU
		{23008DED-F979-4E91-A0FB-8C1FFB3FE88E}.Release|Any CPU.ActiveCfg = Release|Any CPU
		{23008DED-F979-4E91-A0FB-8C1FFB3FE88E}.Release|Any CPU.Build.0 = Release|Any CPU
		{ABCA4235-66FA-4C73-B3DF-6E9A03A9E20A}.Debug|Any CPU.ActiveCfg = Debug|Any CPU
		{ABCA4235-66FA-4C73-B3DF-6E9A03A9E20A}.Debug|Any CPU.Build.0 = Debug|Any CPU
		{ABCA4235-66FA-4C73-B3DF-6E9A03A9E20A}.Release|Any CPU.ActiveCfg = Release|Any CPU
		{ABCA4235-66FA-4C73-B3DF-6E9A03A9E20A}.Release|Any CPU.Build.0 = Release|Any CPU
	EndGlobalSection
	GlobalSection(SolutionProperties) = preSolution
		HideSolutionNode = FALSE
	EndGlobalSection
	GlobalSection(ExtensibilityGlobals) = postSolution
		SolutionGuid = {DDF23C38-398D-4FCC-A318-AFC8B921117C}
	EndGlobalSection
EndGlobal
